{
  "nodes": {
    "aagl": {
      "inputs": {
        "flake-compat": "flake-compat",
        "nixpkgs": [
          "nixpkgs"
        ],
        "rust-overlay": "rust-overlay"
      },
      "locked": {
        "lastModified": 1789138122,
        "narHash": "sha256-mh+ZiGCtHAo0xIi1yaNjHsftfnlWz9JiYwHCyT16yIE=",
        "owner": "ezKEa",
        "repo": "aagl-gtk-on-nix",
        "rev": "d82d6d6f66caf4b63fb154e62fad83c627874127",
        "type": "github"
      },
      "original": {
        "owner": "ezKEa",
        "repo": "aagl-gtk-on-nix",
        "type": "github"
      }
    },
    "caelestia-cli": {
      "inputs": {
        "caelestia-shell": [
          "caelestia-shell"
        ],
        "nixpkgs": [
          "caelestia-shell",
          "nixpkgs"
        ]
      },
      "locked": {
        "lastModified": 1789186140,
        "narHash": "sha256-CEKrGzjO7Zk+BC0bsIySyu7q0vdy68V5MMq8YNKPpsk=",
        "owner": "caelestia-dots",
        "repo": "cli",
        "rev": "6b84ee5090ec50f36aa1a53990d57ab0013925a0",
        "type": "github"
      },
      "original": {
        "owner": "caelestia-dots",
        "repo": "cli",
        "type": "github"
      }
    },
    "caelestia-shell": {
      "inputs": {
        "caelestia-cli": "caelestia-cli",
        "m3shapes": "m3shapes",
        "nixpkgs": [
          "nixpkgs"
        ],
        "quickshell": "quickshell"
      },
      "locked": {
        "lastModified": 1789813989,
        "narHash": "sha256-XeCYzF2SFCKn9DacDFwsbQwdQ/NXs7GMtdlrOHDlUco=",
        "owner": "caelestia-dots",
        "repo": "shell",
        "rev": "103e553829a97710f9034f7d7028825894f24eab",
        "type": "github"
      },
      "original": {
        "owner": "caelestia-dots",
        "repo": "shell",
        "type": "github"
      }
    },
    "flake-compat": {
      "flake": false,
      "locked": {
        "lastModified": 1767039857,
        "narHash": "sha256-vNpUSpF5Nuw8xvDLj2KCwwksIbjua2LZCqhV1LNRDns=",
        "owner": "edolstra",
        "repo": "flake-compat",
        "rev": "5edf11c44bc78a0d334f6334cdaf7d60d732daab",
        "type": "github"
      },
      "original": {
        "owner": "edolstra",
        "repo": "flake-compat",
        "type": "github"
      }
    },
    "flake-compat_2": {
      "flake": false,
      "locked": {
        "lastModified": 1767039857,
        "narHash": "sha256-vNpUSpF5Nuw8xvDLj2KCwwksIbjua2LZCqhV1LNRDns=",
        "owner": "NixOS",
        "repo": "flake-compat",
        "rev": "5edf11c44bc78a0d334f6334cdaf7d60d732daab",
        "type": "github"
      },
      "original": {
        "owner": "NixOS",
        "repo": "flake-compat",
        "type": "github"
      }
    },
    "flake-parts": {
      "inputs": {
        "nixpkgs-lib": "nixpkgs-lib"
      },
      "locked": {
        "lastModified": 1788450739,
        "narHash": "sha256-glZLQlzIn1fXH6PazR2iUmTo7kzzyYSshrWhLS9TqCU=",
        "owner": "hercules-ci",
        "repo": "flake-parts",
        "rev": "31729ca8cbdb4fa927b34e5f4353e6a83f39e993",
        "type": "github"
      },
      "original": {
        "owner": "hercules-ci",
        "repo": "flake-parts",
        "type": "github"
      }
    },
    "flake-utils": {
      "inputs": {
        "systems": "systems"
      },
      "locked": {
        "lastModified": 1731533236,
        "narHash": "sha256-l0KFg5HjrsfsO/JpG+r7fRrqm12kzFHyUHqHCVpMMbI=",
        "owner": "numtide",
        "repo": "flake-utils",
        "rev": "11707dc2f618dd54ca8739b309ec4fc024de578b",
        "type": "github"
      },
      "original": {
        "owner": "numtide",
        "repo": "flake-utils",
        "type": "github"
      }
    },
    "gslapper": {
      "inputs": {
        "flake-utils": "flake-utils",
        "nixpkgs": [
          "nixpkgs"
        ]
      },
      "locked": {
        "lastModified": 1784905909,
        "narHash": "sha256-NVpGET/L13RphZDIgEADuAZ92I4KChhMy0Pms+vyGM0=",
        "owner": "Nomadcxx",
        "repo": "gSlapper",
        "rev": "4ffadf6dd8e8ddbb8c3bf3fafa7b9548e1e05357",
        "type": "github"
      },
      "original": {
        "owner": "Nomadcxx",
        "repo": "gSlapper",
        "type": "github"
      }
    },
    "m3shapes": {
      "inputs": {
        "nixpkgs": [
          "caelestia-shell",
          "nixpkgs"
        ]
      },
      "locked": {
        "lastModified": 1787906858,
        "narHash": "sha256-YZelgEZflFNwGutX4/tIzBdbOeghJgE2oDw0uWYGxns=",
        "owner": "soramanew",
        "repo": "m3shapes",
        "rev": "32ad9ce328bb77ed349b40a3be10ee9ea610b8ab",
        "type": "github"
      },
      "original": {
        "owner": "soramanew",
        "repo": "m3shapes",
        "rev": "32ad9ce328bb77ed349b40a3be10ee9ea610b8ab",
        "type": "github"
      }
    },
    "nix-cachyos-kernel": {
      "inputs": {
        "flake-compat": "flake-compat_2",
        "flake-parts": "flake-parts",
        "nixpkgs": "nixpkgs"
      },
      "locked": {
        "lastModified": 1789241994,
        "narHash": "sha256-kY+k8kGBd8w4kxrw8IPzQGpnYZQV4mik2ZNHtGN0eHI=",
        "owner": "xddxdd",
        "repo": "nix-cachyos-kernel",
        "rev": "444d135dde71c1de547cf7bfd73e67145e67aebb",
        "type": "github"
      },
      "original": {
        "owner": "xddxdd",
        "ref": "release",
        "repo": "nix-cachyos-kernel",
        "type": "github"
      }
    },
    "nixpkgs": {
      "locked": {
        "lastModified": 1789181251,
        "narHash": "sha256-8yaO1XLoObzYgb6Uj+0IkUxbkCI6kBLuImoZAuAHzB4=",
        "owner": "NixOS",
        "repo": "nixpkgs",
        "rev": "f496248152e1ad8c61b59a6739cc499b447168e4",
        "type": "github"
      },
      "original": {
        "owner": "NixOS",
        "ref": "nixos-unstable-small",
        "repo": "nixpkgs",
        "type": "github"
      }
    },
    "nixpkgs-lib": {
      "locked": {
        "lastModified": 1788057806,
        "narHash": "sha256-DTQSMxzDWmT0zhguthvegnVkn7CFqGCv4IHCzk5ZUpM=",
        "owner": "nix-community",
        "repo": "nixpkgs.lib",
        "rev": "596e2e3940e09b2abbeb03f75fa1828c57fcd72c",
        "type": "github"
      },
      "original": {
        "owner": "nix-community",
        "repo": "nixpkgs.lib",
        "type": "github"
      }
    },
    "nixpkgs_2": {
      "locked": {
        "lastModified": 1789749394,
        "narHash": "sha256-cFTsMQz8Hzn8MT49oaeLSHg62tE86NykugCWkeM2ypk=",
        "owner": "nixos",
        "repo": "nixpkgs",
        "rev": "cf9d2fb3e50fa1cd5114c47505ea9177f7ff5f49",
        "type": "github"
      },
      "original": {
        "owner": "nixos",
        "ref": "nixos-26.05",
        "repo": "nixpkgs",
        "type": "github"
      }
    },
    "nixpkgs_3": {
      "locked": {
        "lastModified": 1789426278,
        "narHash": "sha256-GnotcvKtbTMnoVx6G4E7ZdUX6487Dky74dqq3pU7iRk=",
        "owner": "nixos",
        "repo": "nixpkgs",
        "rev": "efe6f071ede9d21c37462d2d6682d5e670099684",
        "type": "github"
      },
      "original": {
        "owner": "nixos",
        "ref": "nixos-unstable",
        "repo": "nixpkgs",
        "type": "github"
      }
    },
    "quickshell": {
      "inputs": {
        "nixpkgs": [
          "caelestia-shell",
          "nixpkgs"
        ]
      },
      "locked": {
        "lastModified": 1787994703,
        "narHash": "sha256-6SUZyyALo19heYPa/Xmu2H4zV+wvdfVX4fTcqbgHRnI=",
        "ref": "refs/heads/master",
        "rev": "2d3b3e9c70ef380dff751b61d334dc88df016c29",
        "revCount": 856,
        "type": "git",
        "url": "https://git.outfoxxed.me/outfoxxed/quickshell"
      },
      "original": {
        "type": "git",
        "url": "https://git.outfoxxed.me/outfoxxed/quickshell"
      }
    },
    "root": {
      "inputs": {
        "aagl": "aagl",
        "caelestia-shell": "caelestia-shell",
        "gslapper": "gslapper",
        "nix-cachyos-kernel": "nix-cachyos-kernel",
        "nixpkgs": "nixpkgs_2",
        "serpantinum": "serpantinum",
        "zen-browser": "zen-browser"
      }
    },
    "rust-overlay": {
      "inputs": {
        "nixpkgs": [
          "aagl",
          "nixpkgs"
        ]
      },
      "locked": {
        "lastModified": 1785476452,
        "narHash": "sha256-/CXwCFPS41rb/JI2VitKCgVK6V5E6/sfw5ke3B9zyVQ=",
        "owner": "oxalica",
        "repo": "rust-overlay",
        "rev": "6ef009bf4c4873cdc1a621826722bdea7c03e62c",
        "type": "github"
      },
      "original": {
        "owner": "oxalica",
        "repo": "rust-overlay",
        "type": "github"
      }
    },
    "serpantinum": {
      "inputs": {
        "nixpkgs": "nixpkgs_3",
        "serpantinum-wallpapers": "serpantinum-wallpapers"
      },
      "locked": {
        "lastModified": 1789805278,
        "narHash": "sha256-0wHsavuWGMDMR2QtgzWZk+ny8bRO8mvD4bjlsoANvU0=",
        "owner": "ilyamiro",
        "repo": "serpantinum",
        "rev": "5c38adff0c0fd0ff6277ca971f5700c52b3486d0",
        "type": "github"
      },
      "original": {
        "owner": "ilyamiro",
        "repo": "serpantinum",
        "type": "github"
      }
    },
    "serpantinum-wallpapers": {
      "flake": false,
      "locked": {
        "lastModified": 1789127588,
        "narHash": "sha256-L3xRtDXH1ERwVIP+ztT6qn7YYh3aHpfpy1/nvyjvKIc=",
        "owner": "ilyamiro",
        "repo": "shell-wallpapers",
        "rev": "4f5994aff60403f88d3f0378e6f9c9d0a00b0289",
        "type": "github"
      },
      "original": {
        "owner": "ilyamiro",
        "repo": "shell-wallpapers",
        "type": "github"
      }
    },
    "systems": {
      "locked": {
        "lastModified": 1681028828,
        "narHash": "sha256-Vy1rq5AaRuLzOxct8nz4T6wlgyUR7zLU309k9mBC768=",
        "owner": "nix-systems",
        "repo": "default",
        "rev": "da67096a3b9bf56a91d16901293e51ba5b49a27e",
        "type": "github"
      },
      "original": {
        "owner": "nix-systems",
        "repo": "default",
        "type": "github"
      }
    },
    "zen-browser": {
      "inputs": {
        "nixpkgs": [
          "nixpkgs"
        ]
      },
      "locked": {
        "lastModified": 1789636270,
        "narHash": "sha256-sexm8hHHB2jOB/G70czjQxdxeX68zID6G1BomFIGI+w=",
        "owner": "youwen5",
        "repo": "zen-browser-flake",
        "rev": "9c1767f705262bf08498877fd1053b6a6db12a9f",
        "type": "github"
      },
      "original": {
        "owner": "youwen5",
        "repo": "zen-browser-flake",
        "type": "github"
      }
    }
  },
  "root": "root",
  "version": 7
}
